
Microsoft Visual Studio Solution File, Format Version 12.00
# Visual Studio Version 16
VisualStudioVersion = 16.0.31205.134
MinimumVisualStudioVersion = 10.0.40219.1
Project("{FAE04EC0-301F-11D3-BF4B-00C04F79EFBC}") = "UserManagement", "UserManagement\UserManagement.csproj", "{ED8B8F62-5987-45C1-8C14-C23612C18805}"
EndProject
Project("{FAE04EC0-301F-11D3-BF4B-00C04F79EFBC}") = "UserManagement.Core", "UserManagement.Core\UserManagement.Core.csproj", "{8DF43308-85B4-484B-8FF4-7D13420448DE}"
EndProject
Project("{FAE04EC0-301F-11D3-BF4B-00C04F79EFBC}") = "UserManagement.Infrastucture", "UserManagement.Infrastucture\UserManagement.Infrastucture.csproj", "{E1709A73-20E0-4FAE-AE25-933D4FABD100}"
EndProject
Global
	GlobalSection(SolutionConfigurationPlatforms) = preSolution
		Debug|Any CPU = Debug|Any CPU
		Release|Any CPU = Release|Any CPU
	EndGlobalSection
	GlobalSection(ProjectConfigurationPlatforms) = postSolution
		{ED8B8F62-5987-45C1-8C14-C23612C18805}.Debug|Any CPU.ActiveCfg = Debug|Any CPU
		{ED8B8F62-5987-45C1-8C14-C23612C18805}.Debug|Any CPU.Build.0 = Debug|Any CPU
		{ED8B8F62-5987-45C1-8C14-C23612C18805}.Release|Any CPU.ActiveCfg = Release|Any CPU
		{ED8B8F62-5987-45C1-8C14-C23612C18805}.Release|Any CPU.Build.0 = Release|Any CPU
		{8DF43308-85B4-484B-8FF4-7D13420448DE}.Debug|Any CPU.ActiveCfg = Debug|Any CPU
		{8DF43308-85B4-484B-8FF4-7D13420448DE}.Debug|Any CPU.Build.0 = Debug|Any CPU
		{8DF43308-85B4-484B-8FF4-7D13420448DE}.Release|Any CPU.ActiveCfg = Release|Any CPU
		{8DF43308-85B4-484B-8FF4-7D13420448DE}.Release|Any CPU.Build.0 = Release|Any CPU
		{E1709A73-20E0-4FAE-AE25-933D4FABD100}.Debug|Any CPU.ActiveCfg = Debug|Any CPU
		{E1709A73-20E0-4FAE-AE25-933D4FABD100}.Debug|Any CPU.Build.0 = Debug|Any CPU
		{E1709A73-20E0-4FAE-AE25-933D4FABD100}.Release|Any CPU.ActiveCfg = Release|Any CPU
		{E1709A73-20E0-4FAE-AE25-933D4FABD100}.Release|Any CPU.Build.0 = Release|Any CPU
	EndGlobalSection
	GlobalSection(SolutionProperties) = preSolution
		HideSolutionNode = FALSE
	EndGlobalSection
	GlobalSection(ExtensibilityGlobals) = postSolution
		SolutionGuid = {617375ED-E1DC-49E5-831E-E0112EA0290E}
	EndGlobalSection
EndGlobal
